// !$*UTF8*$!
{
	archiveVersion = 1;
	classes = {
	};
	objectVersion = 56;
	objects = {

/* Begin PBXBuildFile section */
		7D129F342E8380F60085A984 /* FirstAppFixApp.swift in Sources */ = {isa = PBXBuildFile; fileRef = 7D129F332E8380F60085A984 /* FirstAppFixApp.swift */; };
		7D129F362E8380F60085A984 /* ContentView.swift in Sources */ = {isa = PBXBuildFile; fileRef = 7D129F352E8380F60085A984 /* ContentView.swift */; };
		7D129F382E8380FA0085A984 /* Assets.xcassets in Resources */ = {isa = PBXBuildFile; fileRef = 7D129F372E8380FA0085A984 /* Assets.xcassets */; };
		7D129F3B2E8380FA0085A984 /* Preview Assets.xcassets in Resources */ = {isa = PBXBuildFile; fileRef = 7D129F3A2E8380FA0085A984 /* Preview Assets.xcassets */; };
		7D129F452E8380FB0085A984 /* FirstAppFixTests.swift in Sources */ = {isa = PBXBuildFile; fileRef = 7D129F442E8380FB0085A984 /* FirstAppFixTests.swift */; };
		7D129F4F2E8380FB0085A984 /* FirstAppFixUITests.swift in Sources */ = {isa = PBXBuildFile; fileRef = 7D129F4E2E8380FB0085A984 /* FirstAppFixUITests.swift */; };
		7D129F512E8380FB0085A984 /* FirstAppFixUITestsLaunchTests.swift in Sources */ = {isa = PBXBuildFile; fileRef = 7D129F502E8380FB0085A984 /* FirstAppFixUITestsLaunchTests.swift */; };
/* End PBXBuildFile section */

/* Begin PBXContainerItemProxy section */
		7D129F412E8380FB0085A984 /* PBXContainerItemProxy */ = {
			isa = PBXContainerItemProxy;
			containerPortal = 7D129F282E8380F60085A984 /* Project object */;
			proxyType = 1;
			remoteGlobalIDString = 7D129F2F2E8380F60085A984;
			remoteInfo = FirstAppFix;
		};
		7D129F4B2E8380FB0085A984 /* PBXContainerItemProxy */ = {
			isa = PBXContainerItemProxy;
			containerPortal = 7D129F282E8380F60085A984 /* Project object */;
			proxyType = 1;
			remoteGlobalIDString = 7D129F2F2E8380F60085A984;
			remoteInfo = FirstAppFix;
		};
/* End PBXContainerItemProxy section */

/* Begin PBXFileReference section */
		7D129F302E8380F60085A984 /* FirstAppFix.app */ = {isa = PBXFileReference; explicitFileType = wrapper.application; includeInIndex = 0; path = FirstAppFix.app; sourceTree = BUILT_PRODUCTS_DIR; };
		7D129F332E8380F60085A984 /* FirstAppFixApp.swift */ = {isa = PBXFileReference; lastKnownFileType = sourcecode.swift; path = FirstAppFixApp.swift; sourceTree = "<group>"; };
		7D129F352E8380F60085A984 /* ContentView.swift */ = {isa = PBXFileReference; lastKnownFileType = sourcecode.swift; path = ContentView.swift; sourceTree = "<group>"; };
		7D129F372E8380FA0085A984 /* Assets.xcassets */ = {isa = PBXFileReference; lastKnownFileType = folder.assetcatalog; path = Assets.xcassets; sourceTree = "<group>"; };
		7D129F3A2E8380FA0085A984 /* Preview Assets.xcassets */ = {isa = PBXFileReference; lastKnownFileType = folder.assetcatalog; path = "Preview Assets.xcassets"; sourceTree = "<group>"; };
		7D129F402E8380FA0085A984 /* FirstAppFixTests.xctest */ = {isa = PBXFileReference; explicitFileType = wrapper.cfbundle; includeInIndex = 0; path = FirstAppFixTests.xctest; sourceTree = BUILT_PRODUCTS_DIR; };
		7D129F442E8380FB0085A984 /* FirstAppFixTests.swift */ = {isa = PBXFileReference; lastKnownFileType = sourcecode.swift; path = FirstAppFixTests.swift; sourceTree = "<group>"; };
		7D129F4A2E8380FB0085A984 /* FirstAppFixUITests.xctest */ = {isa = PBXFileReference; explicitFileType = wrapper.cfbundle; includeInIndex = 0; path = FirstAppFixUITests.xctest; sourceTree = BUILT_PRODUCTS_DIR; };
		7D129F4E2E8380FB0085A984 /* FirstAppFixUITests.swift */ = {isa = PBXFileReference; lastKnownFileType = sourcecode.swift; path = FirstAppFixUITests.swift; sourceTree = "<group>"; };
		7D129F502E8380FB0085A984 /* FirstAppFixUITestsLaunchTests.swift */ = {isa = PBXFileReference; lastKnownFileType = sourcecode.swift; path = FirstAppFixUITestsLaunchTests.swift; sourceTree = "<group>"; };
/* End PBXFileReference section */

/* Begin PBXFrameworksBuildPhase section */
		7D129F2D2E8380F60085A984 /* Frameworks */ = {
			isa = PBXFrameworksBuildPhase;
			buildActionMask = 2147483647;
			files = (
			);
			runOnlyForDeploymentPostprocessing = 0;
		};
		7D129F3D2E8380FA0085A984 /* Frameworks */ = {
			isa = PBXFrameworksBuildPhase;
			buildActionMask = 2147483647;
			files = (
			);
			runOnlyForDeploymentPostprocessing = 0;
		};
		7D129F472E8380FB0085A984 /* Frameworks */ = {
			isa = PBXFrameworksBuildPhase;
			buildActionMask = 2147483647;
			files = (
			);
			runOnlyForDeploymentPostprocessing = 0;
		};
/* End PBXFrameworksBuildPhase section */

/* Begin PBXGroup section */
		7D129F272E8380F60085A984 = {
			isa = PBXGroup;
			children = (
				7D129F322E8380F60085A984 /* FirstAppFix */,
				7D129F432E8380FB0085A984 /* FirstAppFixTests */,
				7D129F4D2E8380FB0085A984 /* FirstAppFixUITests */,
				7D129F312E8380F60085A984 /* Products */,
			);
			sourceTree = "<group>";
		};
		7D129F312E8380F60085A984 /* Products */ = {
			isa = PBXGroup;
			children = (
				7D129F302E8380F60085A984 /* FirstAppFix.app */,
				7D129F402E8380FA0085A984 /* FirstAppFixTests.xctest */,
				7D129F4A2E8380FB0085A984 /* FirstAppFixUITests.xctest */,
			);
			name = Products;
			sourceTree = "<group>";
		};
		7D129F322E8380F60085A984 /* FirstAppFix */ = {
			isa = PBXGroup;
			children = (
				7D129F332E8380F60085A984 /* FirstAppFixApp.swift */,
				7D129F352E8380F60085A984 /* ContentView.swift */,
				7D129F372E8380FA0085A984 /* Assets.xcassets */,
				7D129F392E8380FA0085A984 /* Preview Content */,
			);
			path = FirstAppFix;
			sourceTree = "<group>";
		};
		7D129F392E8380FA0085A984 /* Preview Content */ = {
			isa = PBXGroup;
			children = (
				7D129F3A2E8380FA0085A984 /* Preview Assets.xcassets */,
			);
			path = "Preview Content";
			sourceTree = "<group>";
		};
		7D129F432E8380FB0085A984 /* FirstAppFixTests */ = {
			isa = PBXGroup;
			children = (
				7D129F442E8380FB0085A984 /* FirstAppFixTests.swift */,
			);
			path = FirstAppFixTests;
			sourceTree = "<group>";
		};
		7D129F4D2E8380FB0085A984 /* FirstAppFixUITests */ = {
			isa = PBXGroup;
			children = (
				7D129F4E2E8380FB0085A984 /* FirstAppFixUITests.swift */,
				7D129F502E8380FB0085A984 /* FirstAppFixUITestsLaunchTests.swift */,
			);
			path = FirstAppFixUITests;
			sourceTree = "<group>";
		};
/* End PBXGroup section */

/* Begin PBXNativeTarget section */
		7D129F2F2E8380F60085A984 /* FirstAppFix */ = {
			isa = PBXNativeTarget;
			buildConfigurationList = 7D129F542E8380FB0085A984 /* Build configuration list for PBXNativeTarget "FirstAppFix" */;
			buildPhases = (
				7D129F2C2E8380F60085A984 /* Sources */,
				7D129F2D2E8380F60085A984 /* Frameworks */,
				7D129F2E2E8380F60085A984 /* Resources */,
			);
			buildRules = (
			);
			dependencies = (
			);
			name = FirstAppFix;
			productName = FirstAppFix;
			productReference = 7D129F302E8380F60085A984 /* FirstAppFix.app */;
			productType = "com.apple.product-type.application";
		};
		7D129F3F2E8380FA0085A984 /* FirstAppFixTests */ = {
			isa = PBXNativeTarget;
			buildConfigurationList = 7D129F572E8380FB0085A984 /* Build configuration list for PBXNativeTarget "FirstAppFixTests" */;
			buildPhases = (
				7D129F3C2E8380FA0085A984 /* Sources */,
				7D129F3D2E8380FA0085A984 /* Frameworks */,
				7D129F3E2E8380FA0085A984 /* Resources */,
			);
			buildRules = (
			);
			dependencies = (
				7D129F422E8380FB0085A984 /* PBXTargetDependency */,
			);
			name = FirstAppFixTests;
			productName = FirstAppFixTests;
			productReference = 7D129F402E8380FA0085A984 /* FirstAppFixTests.xctest */;
			productType = "com.apple.product-type.bundle.unit-test";
		};
		7D129F492E8380FB0085A984 /* FirstAppFixUITests */ = {
			isa = PBXNativeTarget;
			buildConfigurationList = 7D129F5A2E8380FB0085A984 /* Build configuration list for PBXNativeTarget "FirstAppFixUITests" */;
			buildPhases = (
				7D129F462E8380FB0085A984 /* Sources */,
				7D129F472E8380FB0085A984 /* Frameworks */,
				7D129F482E8380FB0085A984 /* Resources */,
			);
			buildRules = (
			);
			dependencies = (
				7D129F4C2E8380FB0085A984 /* PBXTargetDependency */,
			);
			name = FirstAppFixUITests;
			productName = FirstAppFixUITests;
			productReference = 7D129F4A2E8380FB0085A984 /* FirstAppFixUITests.xctest */;
			productType = "com.apple.product-type.bundle.ui-testing";
		};
/* End PBXNativeTarget section */

/* Begin PBXProject section */
		7D129F282E8380F60085A984 /* Project object */ = {
			isa = PBXProject;
			attributes = {
				BuildIndependentTargetsInParallel = 1;
				LastSwiftUpdateCheck = 1520;
				LastUpgradeCheck = 1520;
				TargetAttributes = {
					7D129F2F2E8380F60085A984 = {
						CreatedOnToolsVersion = 15.2;
					};
					7D129F3F2E8380FA0085A984 = {
						CreatedOnToolsVersion = 15.2;
						TestTargetID = 7D129F2F2E8380F60085A984;
					};
					7D129F492E8380FB0085A984 = {
						CreatedOnToolsVersion = 15.2;
						TestTargetID = 7D129F2F2E8380F60085A984;
					};
				};
			};
			buildConfigurationList = 7D129F2B2E8380F60085A984 /* Build configuration list for PBXProject "FirstAppFix" */;
			compatibilityVersion = "Xcode 14.0";
			developmentRegion = en;
			hasScannedForEncodings = 0;
			knownRegions = (
				en,
				Base,
			);
			mainGroup = 7D129F272E8380F60085A984;
			productRefGroup = 7D129F312E8380F60085A984 /* Products */;
			projectDirPath = "";
			projectRoot = "";
			targets = (
				7D129F2F2E8380F60085A984 /* FirstAppFix */,
				7D129F3F2E8380FA0085A984 /* FirstAppFixTests */,
				7D129F492E8380FB0085A984 /* FirstAppFixUITests */,
			);
		};
/* End PBXProject section */

/* Begin PBXResourcesBuildPhase section */
		7D129F2E2E8380F60085A984 /* Resources */ = {
			isa = PBXResourcesBuildPhase;
			buildActionMask = 2147483647;
			files = (
				7D129F3B2E8380FA0085A984 /* Preview Assets.xcassets in Resources */,
				7D129F382E8380FA0085A984 /* Assets.xcassets in Resources */,
			);
			runOnlyForDeploymentPostprocessing = 0;
		};
		7D129F3E2E8380FA0085A984 /* Resources */ = {
			isa = PBXResourcesBuildPhase;
			buildActionMask = 2147483647;
			files = (
			);
			runOnlyForDeploymentPostprocessing = 0;
		};
		7D129F482E8380FB0085A984 /* Resources */ = {
			isa = PBXResourcesBuildPhase;
			buildActionMask = 2147483647;
			files = (
			);
			runOnlyForDeploymentPostprocessing = 0;
		};
/* End PBXResourcesBuildPhase section */

/* Begin PBXSourcesBuildPhase section */
		7D129F2C2E8380F60085A984 /* Sources */ = {
			isa = PBXSourcesBuildPhase;
			buildActionMask = 2147483647;
			files = (
				7D129F362E8380F60085A984 /* ContentView.swift in Sources */,
				7D129F342E8380F60085A984 /* FirstAppFixApp.swift in Sources */,
			);
			runOnlyForDeploymentPostprocessing = 0;
		};
		7D129F3C2E8380FA0085A984 /* Sources */ = {
			isa = PBXSourcesBuildPhase;
			buildActionMask = 2147483647;
			files = (
				7D129F452E8380FB0085A984 /* FirstAppFixTests.swift in Sources */,
			);
			runOnlyForDeploymentPostprocessing = 0;
		};
		7D129F462E8380FB0085A984 /* Sources */ = {
			isa = PBXSourcesBuildPhase;
			buildActionMask = 2147483647;
			files = (
				7D129F4F2E8380FB0085A984 /* FirstAppFixUITests.swift in Sources */,
				7D129F512E8380FB0085A984 /* FirstAppFixUITestsLaunchTests.swift in Sources */,
			);
			runOnlyForDeploymentPostprocessing = 0;
		};
/* End PBXSourcesBuildPhase section */

/* Begin PBXTargetDependency section */
		7D129F422E8380FB0085A984 /* PBXTargetDependency */ = {
			isa = PBXTargetDependency;
			target = 7D129F2F2E8380F60085A984 /* FirstAppFix */;
			targetProxy = 7D129F412E8380FB0085A984 /* PBXContainerItemProxy */;
		};
		7D129F4C2E8380FB0085A984 /* PBXTargetDependency */ = {
			isa = PBXTargetDependency;
			target = 7D129F2F2E8380F60085A984 /* FirstAppFix */;
			targetProxy = 7D129F4B2E8380FB0085A984 /* PBXContainerItemProxy */;
		};
/* End PBXTargetDependency section */

/* Begin XCBuildConfiguration section */
		7D129F522E8380FB0085A984 /* Debug */ = {
			isa = XCBuildConfiguration;
			buildSettings = {
				ALWAYS_SEARCH_USER_PATHS = NO;
				ASSETCATALOG_COMPILER_GENERATE_SWIFT_ASSET_SYMBOL_EXTENSIONS = YES;
				CLANG_ANALYZER_NONNULL = YES;
				CLANG_ANALYZER_NUMBER_OBJECT_CONVERSION = YES_AGGRESSIVE;
				CLANG_CXX_LANGUAGE_STANDARD = "gnu++20";
				CLANG_ENABLE_MODULES = YES;
				CLANG_ENABLE_OBJC_ARC = YES;
				CLANG_ENABLE_OBJC_WEAK = YES;
				CLANG_WARN_BLOCK_CAPTURE_AUTORELEASING = YES;
				CLANG_WARN_BOOL_CONVERSION = YES;
				CLANG_WARN_COMMA = YES;
				CLANG_WARN_CONSTANT_CONVERSION = YES;
				CLANG_WARN_DEPRECATED_OBJC_IMPLEMENTATIONS = YES;
				CLANG_WARN_DIRECT_OBJC_ISA_USAGE = YES_ERROR;
				CLANG_WARN_DOCUMENTATION_COMMENTS = YES;
				CLANG_WARN_EMPTY_BODY = YES;
				CLANG_WARN_ENUM_CONVERSION = YES;
				CLANG_WARN_INFINITE_RECURSION = YES;
				CLANG_WARN_INT_CONVERSION = YES;
				CLANG_WARN_NON_LITERAL_NULL_CONVERSION = YES;
				CLANG_WARN_OBJC_IMPLICIT_RETAIN_SELF = YES;
				CLANG_WARN_OBJC_LITERAL_CONVERSION = YES;
				CLANG_WARN_OBJC_ROOT_CLASS = YES_ERROR;
				CLANG_WARN_QUOTED_INCLUDE_IN_FRAMEWORK_HEADER = YES;
				CLANG_WARN_RANGE_LOOP_ANALYSIS = YES;
				CLANG_WARN_STRICT_PROTOTYPES = YES;
				CLANG_WARN_SUSPICIOUS_MOVE = YES;
				CLANG_WARN_UNGUARDED_AVAILABILITY = YES_AGGRESSIVE;
				CLANG_WARN_UNREACHABLE_CODE = YES;
				CLANG_WARN__DUPLICATE_METHOD_MATCH = YES;
				COPY_PHASE_STRIP = NO;
				DEBUG_INFORMATION_FORMAT = dwarf;
				ENABLE_STRICT_OBJC_MSGSEND = YES;
				ENABLE_TESTABILITY = YES;
				ENABLE_USER_SCRIPT_SANDBOXING = YES;
				GCC_C_LANGUAGE_STANDARD = gnu17;
				GCC_DYNAMIC_NO_PIC = NO;
				GCC_NO_COMMON_BLOCKS = YES;
				GCC_OPTIMIZATION_LEVEL = 0;
				GCC_PREPROCESSOR_DEFINITIONS = (
					"DEBUG=1",
					"$(inherited)",
				);
				GCC_WARN_64_TO_32_BIT_CONVERSION = YES;
				GCC_WARN_ABOUT_RETURN_TYPE = YES_ERROR;
				GCC_WARN_UNDECLARED_SELECTOR = YES;
				GCC_WARN_UNINITIALIZED_AUTOS = YES_AGGRESSIVE;
				GCC_WARN_UNUSED_FUNCTION = YES;
				GCC_WARN_UNUSED_VARIABLE = YES;
				IPHONEOS_DEPLOYMENT_TARGET = 17.2;
				LOCALIZATION_PREFERS_STRING_CATALOGS = YES;
				MTL_ENABLE_DEBUG_INFO = INCLUDE_SOURCE;
				MTL_FAST_MATH = YES;
				ONLY_ACTIVE_ARCH = YES;
				SDKROOT = iphoneos;
				SWIFT_ACTIVE_COMPILATION_CONDITIONS = "DEBUG $(inherited)";
				SWIFT_OPTIMIZATION_LEVEL = "-Onone";
			};
			name = Debug;
		};
		7D129F532E8380FB0085A984 /* Release */ = {
			isa = XCBuildConfiguration;
			buildSettings = {
				ALWAYS_SEARCH_USER_PATHS = NO;
				ASSETCATALOG_COMPILER_GENERATE_SWIFT_ASSET_SYMBOL_EXTENSIONS = YES;
				CLANG_ANALYZER_NONNULL = YES;
				CLANG_ANALYZER_NUMBER_OBJECT_CONVERSION = YES_AGGRESSIVE;
				CLANG_CXX_LANGUAGE_STANDARD = "gnu++20";
				CLANG_ENABLE_MODULES = YES;
				CLANG_ENABLE_OBJC_ARC = YES;
				CLANG_ENABLE_OBJC_WEAK = YES;
				CLANG_WARN_BLOCK_CAPTURE_AUTORELEASING = YES;
				CLANG_WARN_BOOL_CONVERSION = YES;
				CLANG_WARN_COMMA = YES;
				CLANG_WARN_CONSTANT_CONVERSION = YES;
				CLANG_WARN_DEPRECATED_OBJC_IMPLEMENTATIONS = YES;
				CLANG_WARN_DIRECT_OBJC_ISA_USAGE = YES_ERROR;
				CLANG_WARN_DOCUMENTATION_COMMENTS = YES;
				CLANG_WARN_EMPTY_BODY = YES;
				CLANG_WARN_ENUM_CONVERSION = YES;
				CLANG_WARN_INFINITE_RECURSION = YES;
				CLANG_WARN_INT_CONVERSION = YES;
				CLANG_WARN_NON_LITERAL_NULL_CONVERSION = YES;
				CLANG_WARN_OBJC_IMPLICIT_RETAIN_SELF = YES;
				CLANG_WARN_OBJC_LITERAL_CONVERSION = YES;
				CLANG_WARN_OBJC_ROOT_CLASS = YES_ERROR;
				CLANG_WARN_QUOTED_INCLUDE_IN_FRAMEWORK_HEADER = YES;
				CLANG_WARN_RANGE_LOOP_ANALYSIS = YES;
				CLANG_WARN_STRICT_PROTOTYPES = YES;
				CLANG_WARN_SUSPICIOUS_MOVE = YES;
				CLANG_WARN_UNGUARDED_AVAILABILITY = YES_AGGRESSIVE;
				CLANG_WARN_UNREACHABLE_CODE = YES;
				CLANG_WARN__DUPLICATE_METHOD_MATCH = YES;
				COPY_PHASE_STRIP = NO;
				DEBUG_INFORMATION_FORMAT = "dwarf-with-dsym";
				ENABLE_NS_ASSERTIONS = NO;
				ENABLE_STRICT_OBJC_MSGSEND = YES;
				ENABLE_USER_SCRIPT_SANDBOXING = YES;
				GCC_C_LANGUAGE_STANDARD = gnu17;
				GCC_NO_COMMON_BLOCKS = YES;
				GCC_WARN_64_TO_32_BIT_CONVERSION = YES;
				GCC_WARN_ABOUT_RETURN_TYPE = YES_ERROR;
				GCC_WARN_UNDECLARED_SELECTOR = YES;
				GCC_WARN_UNINITIALIZED_AUTOS = YES_AGGRESSIVE;
				GCC_WARN_UNUSED_FUNCTION = YES;
				GCC_WARN_UNUSED_VARIABLE = YES;
				IPHONEOS_DEPLOYMENT_TARGET = 17.2;
				LOCALIZATION_PREFERS_STRING_CATALOGS = YES;
				MTL_ENABLE_DEBUG_INFO = NO;
				MTL_FAST_MATH = YES;
				SDKROOT = iphoneos;
				SWIFT_COMPILATION_MODE = wholemodule;
				VALIDATE_PRODUCT = YES;
			};
			name = Release;
		};
		7D129F552E8380FB0085A984 /* Debug */ = {
			isa = XCBuildConfiguration;
			buildSettings = {
				ASSETCATALOG_COMPILER_APPICON_NAME = AppIcon;
				ASSETCATALOG_COMPILER_GLOBAL_ACCENT_COLOR_NAME = AccentColor;
				CODE_SIGN_STYLE = Automatic;
				CURRENT_PROJECT_VERSION = 1;
				DEVELOPMENT_ASSET_PATHS = "\"FirstAppFix/Preview Content\"";
				ENABLE_PREVIEWS = YES;
				GENERATE_INFOPLIST_FILE = YES;
				INFOPLIST_KEY_UIApplicationSceneManifest_Generation = YES;
				INFOPLIST_KEY_UIApplicationSupportsIndirectInputEvents = YES;
				INFOPLIST_KEY_UILaunchScreen_Generation = YES;
				INFOPLIST_KEY_UISupportedInterfaceOrientations_iPad = "UIInterfaceOrientationPortrait UIInterfaceOrientationPortraitUpsideDown UIInterfaceOrientationLandscapeLeft UIInterfaceOrientationLandscapeRight";
				INFOPLIST_KEY_UISupportedInterfaceOrientations_iPhone = "UIInterfaceOrientationPortrait UIInterfaceOrientationLandscapeLeft UIInterfaceOrientationLandscapeRight";
				LD_RUNPATH_SEARCH_PATHS = (
					"$(inherited)",
					"@executable_path/Frameworks",
				);
				MARKETING_VERSION = 1.0;
				PRODUCT_BUNDLE_IDENTIFIER = com.cruzarreola.FirstAppFix;
				PRODUCT_NAME = "$(TARGET_NAME)";
				SWIFT_EMIT_LOC_STRINGS = YES;
				SWIFT_VERSION = 5.0;
				TARGETED_DEVICE_FAMILY = "1,2";
			};
			name = Debug;
		};
		7D129F562E8380FB0085A984 /* Release */ = {
			isa = XCBuildConfiguration;
			buildSettings = {
				ASSETCATALOG_COMPILER_APPICON_NAME = AppIcon;
				ASSETCATALOG_COMPILER_GLOBAL_ACCENT_COLOR_NAME = AccentColor;
				CODE_SIGN_STYLE = Automatic;
				CURRENT_PROJECT_VERSION = 1;
				DEVELOPMENT_ASSET_PATHS = "\"FirstAppFix/Preview Content\"";
				ENABLE_PREVIEWS = YES;
				GENERATE_INFOPLIST_FILE = YES;
				INFOPLIST_KEY_UIApplicationSceneManifest_Generation = YES;
				INFOPLIST_KEY_UIApplicationSupportsIndirectInputEvents = YES;
				INFOPLIST_KEY_UILaunchScreen_Generation = YES;
				INFOPLIST_KEY_UISupportedInterfaceOrientations_iPad = "UIInterfaceOrientationPortrait UIInterfaceOrientationPortraitUpsideDown UIInterfaceOrientationLandscapeLeft UIInterfaceOrientationLandscapeRight";
				INFOPLIST_KEY_UISupportedInterfaceOrientations_iPhone = "UIInterfaceOrientationPortrait UIInterfaceOrientationLandscapeLeft UIInterfaceOrientationLandscapeRight";
				LD_RUNPATH_SEARCH_PATHS = (
					"$(inherited)",
					"@executable_path/Frameworks",
				);
				MARKETING_VERSION = 1.0;
				PRODUCT_BUNDLE_IDENTIFIER = com.cruzarreola.FirstAppFix;
				PRODUCT_NAME = "$(TARGET_NAME)";
				SWIFT_EMIT_LOC_STRINGS = YES;
				SWIFT_VERSION = 5.0;
				TARGETED_DEVICE_FAMILY = "1,2";
			};
			name = Release;
		};
		7D129F582E8380FB0085A984 /* Debug */ = {
			isa = XCBuildConfiguration;
			buildSettings = {
				ALWAYS_EMBED_SWIFT_STANDARD_LIBRARIES = YES;
				BUNDLE_LOADER = "$(TEST_HOST)";
				CODE_SIGN_STYLE = Automatic;
				CURRENT_PROJECT_VERSION = 1;
				GENERATE_INFOPLIST_FILE = YES;
				IPHONEOS_DEPLOYMENT_TARGET = 17.2;
				MARKETING_VERSION = 1.0;
				PRODUCT_BUNDLE_IDENTIFIER = com.cruzarreola.FirstAppFixTests;
				PRODUCT_NAME = "$(TARGET_NAME)";
				SWIFT_EMIT_LOC_STRINGS = NO;
				SWIFT_VERSION = 5.0;
				TARGETED_DEVICE_FAMILY = "1,2";
				TEST_HOST = "$(BUILT_PRODUCTS_DIR)/FirstAppFix.app/$(BUNDLE_EXECUTABLE_FOLDER_PATH)/FirstAppFix";
			};
			name = Debug;
		};
		7D129F592E8380FB0085A984 /* Release */ = {
			isa = XCBuildConfiguration;
			buildSettings = {
				ALWAYS_EMBED_SWIFT_STANDARD_LIBRARIES = YES;
				BUNDLE_LOADER = "$(TEST_HOST)";
				CODE_SIGN_STYLE = Automatic;
				CURRENT_PROJECT_VERSION = 1;
				GENERATE_INFOPLIST_FILE = YES;
				IPHONEOS_DEPLOYMENT_TARGET = 17.2;
				MARKETING_VERSION = 1.0;
				PRODUCT_BUNDLE_IDENTIFIER = com.cruzarreola.FirstAppFixTests;
				PRODUCT_NAME = "$(TARGET_NAME)";
				SWIFT_EMIT_LOC_STRINGS = NO;
				SWIFT_VERSION = 5.0;
				TARGETED_DEVICE_FAMILY = "1,2";
				TEST_HOST = "$(BUILT_PRODUCTS_DIR)/FirstAppFix.app/$(BUNDLE_EXECUTABLE_FOLDER_PATH)/FirstAppFix";
			};
			name = Release;
		};
		7D129F5B2E8380FB0085A984 /* Debug */ = {
			isa = XCBuildConfiguration;
			buildSettings = {
				ALWAYS_EMBED_SWIFT_STANDARD_LIBRARIES = YES;
				CODE_SIGN_STYLE = Automatic;
				CURRENT_PROJECT_VERSION = 1;
				GENERATE_INFOPLIST_FILE = YES;
				MARKETING_VERSION = 1.0;
				PRODUCT_BUNDLE_IDENTIFIER = com.cruzarreola.FirstAppFixUITests;
				PRODUCT_NAME = "$(TARGET_NAME)";
				SWIFT_EMIT_LOC_STRINGS = NO;
				SWIFT_VERSION = 5.0;
				TARGETED_DEVICE_FAMILY = "1,2";
				TEST_TARGET_NAME = FirstAppFix;
			};
			name = Debug;
		};
		7D129F5C2E8380FB0085A984 /* Release */ = {
			isa = XCBuildConfiguration;
			buildSettings = {
				ALWAYS_EMBED_SWIFT_STANDARD_LIBRARIES = YES;
				CODE_SIGN_STYLE = Automatic;
				CURRENT_PROJECT_VERSION = 1;
				GENERATE_INFOPLIST_FILE = YES;
				MARKETING_VERSION = 1.0;
				PRODUCT_BUNDLE_IDENTIFIER = com.cruzarreola.FirstAppFixUITests;
				PRODUCT_NAME = "$(TARGET_NAME)";
				SWIFT_EMIT_LOC_STRINGS = NO;
				SWIFT_VERSION = 5.0;
				TARGETED_DEVICE_FAMILY = "1,2";
				TEST_TARGET_NAME = FirstAppFix;
			};
			name = Release;
		};
/* End XCBuildConfiguration section */

/* Begin XCConfigurationList section */
		7D129F2B2E8380F60085A984 /* Build configuration list for PBXProject "FirstAppFix" */ = {
			isa = XCConfigurationList;
			buildConfigurations = (
				7D129F522E8380FB0085A984 /* Debug */,
				7D129F532E8380FB0085A984 /* Release */,
			);
			defaultConfigurationIsVisible = 0;
			defaultConfigurationName = Release;
		};
		7D129F542E8380FB0085A984 /* Build configuration list for PBXNativeTarget "FirstAppFix" */ = {
			isa = XCConfigurationList;
			buildConfigurations = (
				7D129F552E8380FB0085A984 /* Debug */,
				7D129F562E8380FB0085A984 /* Release */,
			);
			defaultConfigurationIsVisible = 0;
			defaultConfigurationName = Release;
		};
		7D129F572E8380FB0085A984 /* Build configuration list for PBXNativeTarget "FirstAppFixTests" */ = {
			isa = XCConfigurationList;
			buildConfigurations = (
				7D129F582E8380FB0085A984 /* Debug */,
				7D129F592E8380FB0085A984 /* Release */,
			);
			defaultConfigurationIsVisible = 0;
			defaultConfigurationName = Release;
		};
		7D129F5A2E8380FB0085A984 /* Build configuration list for PBXNativeTarget "FirstAppFixUITests" */ = {
			isa = XCConfigurationList;
			buildConfigurations = (
				7D129F5B2E8380FB0085A984 /* Debug */,
				7D129F5C2E8380FB0085A984 /* Release */,
			);
			defaultConfigurationIsVisible = 0;
			defaultConfigurationName = Release;
		};
/* End XCConfigurationList section */
	};
	rootObject = 7D129F282E8380F60085A984 /* Project object */;
}
